lockfileVersion: 5.4

specifiers:
  '@types/node': ^18.6.1
  arg: ^5.0.2

dependencies:
  arg: 5.0.2

devDependencies:
  '@types/node': 18.6.1

packages:

  /@types/node/18.6.1:
    resolution: {integrity: sha512-z+2vB6yDt1fNwKOeGbckpmirO+VBDuQqecXkgeIqDlaOtmKn6hPR/viQ8cxCfqLU4fTlvM3+YjM367TukWdxpg==}
    dev: true

  /arg/5.0.2:
    resolution: {integrity: sha512-PYjyFOLKQ9y57JvQ6QLo8dAgNqswh8M1RMJYdQduT6xbWSgK36P/Z/v+p888pM69jMMfS8Xd8F6I1kQ/I9HUGg==}
    dev: false
